
Microsoft Visual Studio Solution File, Format Version 12.00
# Visual Studio Version 18
VisualStudioVersion = 18.6.11806.211
MinimumVisualStudioVersion = 10.0.40219.1
Project("{FAE04EC0-301F-11D3-BF4B-00C04F79EFBC}") = "Viagem", "src\Viagem\Viagem.csproj", "{05DFD3A9-4202-4586-BDEB-DEB6AC6402DD}"
EndProject
Project("{FAE04EC0-301F-11D3-BF4B-00C04F79EFBC}") = "Viagem.Data", "src\Viagem.Data\Viagem.Data.csproj", "{5967647E-0574-4446-BCC3-C85F796A70F1}"
EndProject
Project("{2150E333-8FDC-42A3-9474-1A3956D46DE8}") = "Tests", "Tests", "{2C447F37-7066-4FBF-A12F-B9F3C909BE13}"
EndProject
Global
	GlobalSection(SolutionConfigurationPlatforms) = preSolution
		Debug|Any CPU = Debug|Any CPU
		Debug|x64 = Debug|x64
		Debug|x86 = Debug|x86
		Release|Any CPU = Release|Any CPU
		Release|x64 = Release|x64
		Release|x86 = Release|x86
	EndGlobalSection
	GlobalSection(ProjectConfigurationPlatforms) = postSolution
		{05DFD3A9-4202-4586-BDEB-DEB6AC6402DD}.Debug|Any CPU.ActiveCfg = Debug|Any CPU
		{05DFD3A9-4202-4586-BDEB-DEB6AC6402DD}.Debug|Any CPU.Build.0 = Debug|Any CPU
		{05DFD3A9-4202-4586-BDEB-DEB6AC6402DD}.Debug|x64.ActiveCfg = Debug|Any CPU
		{05DFD3A9-4202-4586-BDEB-DEB6AC6402DD}.Debug|x64.Build.0 = Debug|Any CPU
		{05DFD3A9-4202-4586-BDEB-DEB6AC6402DD}.Debug|x86.ActiveCfg = Debug|Any CPU
		{05DFD3A9-4202-4586-BDEB-DEB6AC6402DD}.Debug|x86.Build.0 = Debug|Any CPU
		{05DFD3A9-4202-4586-BDEB-DEB6AC6402DD}.Release|Any CPU.ActiveCfg = Release|Any CPU
		{05DFD3A9-4202-4586-BDEB-DEB6AC6402DD}.Release|Any CPU.Build.0 = Release|Any CPU
		{05DFD3A9-4202-4586-BDEB-DEB6AC6402DD}.Release|x64.ActiveCfg = Release|Any CPU
		{05DFD3A9-4202-4586-BDEB-DEB6AC6402DD}.Release|x64.Build.0 = Release|Any CPU
		{05DFD3A9-4202-4586-BDEB-DEB6AC6402DD}.Release|x86.ActiveCfg = Release|Any CPU
		{05DFD3A9-4202-4586-BDEB-DEB6AC6402DD}.Release|x86.Build.0 = Release|Any CPU
		{5967647E-0574-4446-BCC3-C85F796A70F1}.Debug|Any CPU.ActiveCfg = Debug|Any CPU
		{5967647E-0574-4446-BCC3-C85F796A70F1}.Debug|Any CPU.Build.0 = Debug|Any CPU
		{5967647E-0574-4446-BCC3-C85F796A70F1}.Debug|x64.ActiveCfg = Debug|Any CPU
		{5967647E-0574-4446-BCC3-C85F796A70F1}.Debug|x64.Build.0 = Debug|Any CPU
		{5967647E-0574-4446-BCC3-C85F796A70F1}.Debug|x86.ActiveCfg = Debug|Any CPU
		{5967647E-0574-4446-BCC3-C85F796A70F1}.Debug|x86.Build.0 = Debug|Any CPU
		{5967647E-0574-4446-BCC3-C85F796A70F1}.Release|Any CPU.ActiveCfg = Release|Any CPU
		{5967647E-0574-4446-BCC3-C85F796A70F1}.Release|Any CPU.Build.0 = Release|Any CPU
		{5967647E-0574-4446-BCC3-C85F796A70F1}.Release|x64.ActiveCfg = Release|Any CPU
		{5967647E-0574-4446-BCC3-C85F796A70F1}.Release|x64.Build.0 = Release|Any CPU
		{5967647E-0574-4446-BCC3-C85F796A70F1}.Release|x86.ActiveCfg = Release|Any CPU
		{5967647E-0574-4446-BCC3-C85F796A70F1}.Release|x86.Build.0 = Release|Any CPU
	EndGlobalSection
	GlobalSection(SolutionProperties) = preSolution
		HideSolutionNode = FALSE
	EndGlobalSection
	GlobalSection(ExtensibilityGlobals) = postSolution
		SolutionGuid = {9E078F5F-4624-4A4C-A266-229B6806B287}
	EndGlobalSection
EndGlobal
